
Microsoft Visual Studio Solution File, Format Version 12.00
# Visual Studio Version 16
VisualStudioVersion = 16.0.29230.47
MinimumVisualStudioVersion = 10.0.40219.1
Project("{FAE04EC0-301F-11D3-BF4B-00C04F79EFBC}") = "InclusService", "InclusService\InclusService.csproj", "{637F4B78-6CE5-495E-85C0-73DD6C9F4B0D}"
EndProject
Project("{FAE04EC0-301F-11D3-BF4B-00C04F79EFBC}") = "Tests", "Tests\Tests.csproj", "{0B37A0F1-4ABC-470A-8E5E-8ACA2834BDF1}"
EndProject
Global
	GlobalSection(SolutionConfigurationPlatforms) = preSolution
		Debug|Any CPU = Debug|Any CPU
		Release|Any CPU = Release|Any CPU
	EndGlobalSection
	GlobalSection(ProjectConfigurationPlatforms) = postSolution
		{637F4B78-6CE5-495E-85C0-73DD6C9F4B0D}.Debug|Any CPU.ActiveCfg = Debug|Any CPU
		{637F4B78-6CE5-495E-85C0-73DD6C9F4B0D}.Debug|Any CPU.Build.0 = Debug|Any CPU
		{637F4B78-6CE5-495E-85C0-73DD6C9F4B0D}.Release|Any CPU.ActiveCfg = Release|Any CPU
		{637F4B78-6CE5-495E-85C0-73DD6C9F4B0D}.Release|Any CPU.Build.0 = Release|Any CPU
		{0B37A0F1-4ABC-470A-8E5E-8ACA2834BDF1}.Debug|Any CPU.ActiveCfg = Debug|Any CPU
		{0B37A0F1-4ABC-470A-8E5E-8ACA2834BDF1}.Debug|Any CPU.Build.0 = Debug|Any CPU
		{0B37A0F1-4ABC-470A-8E5E-8ACA2834BDF1}.Release|Any CPU.ActiveCfg = Release|Any CPU
		{0B37A0F1-4ABC-470A-8E5E-8ACA2834BDF1}.Release|Any CPU.Build.0 = Release|Any CPU
	EndGlobalSection
	GlobalSection(SolutionProperties) = preSolution
		HideSolutionNode = FALSE
	EndGlobalSection
	GlobalSection(ExtensibilityGlobals) = postSolution
		SolutionGuid = {1D4E794B-7061-41C8-A90A-6FE6951F038A}
	EndGlobalSection
EndGlobal
